// !$*UTF8*$!
{
	archiveVersion = 1;
	classes = {
	};
	objectVersion = 55;
	objects = {

/* Begin PBXBuildFile section */
		3F80AFA628AE05DD0047F9AC /* AppDelegate.swift in Sources */ = {isa = PBXBuildFile; fileRef = 3F80AFA528AE05DD0047F9AC /* AppDelegate.swift */; };
		3F80AFA828AE05DD0047F9AC /* GameScene.sks in Resources */ = {isa = PBXBuildFile; fileRef = 3F80AFA728AE05DD0047F9AC /* GameScene.sks */; };
		3F80AFAC28AE05DD0047F9AC /* GameScene.swift in Sources */ = {isa = PBXBuildFile; fileRef = 3F80AFAB28AE05DD0047F9AC /* GameScene.swift */; };
		3F80AFAE28AE05DD0047F9AC /* GameViewController.swift in Sources */ = {isa = PBXBuildFile; fileRef = 3F80AFAD28AE05DD0047F9AC /* GameViewController.swift */; };
		3F80AFB128AE05DD0047F9AC /* Main.storyboard in Resources */ = {isa = PBXBuildFile; fileRef = 3F80AFAF28AE05DD0047F9AC /* Main.storyboard */; };
		3F80AFB328AE05DF0047F9AC /* Assets.xcassets in Resources */ = {isa = PBXBuildFile; fileRef = 3F80AFB228AE05DF0047F9AC /* Assets.xcassets */; };
		3F80AFB628AE05DF0047F9AC /* LaunchScreen.storyboard in Resources */ = {isa = PBXBuildFile; fileRef = 3F80AFB428AE05DF0047F9AC /* LaunchScreen.storyboard */; };
		3F80AFC728AE068E0047F9AC /* swoosh2.caf in Resources */ = {isa = PBXBuildFile; fileRef = 3F80AFBC28AE068E0047F9AC /* swoosh2.caf */; };
		3F80AFC828AE068E0047F9AC /* explosion.caf in Resources */ = {isa = PBXBuildFile; fileRef = 3F80AFBD28AE068E0047F9AC /* explosion.caf */; };
		3F80AFC928AE068E0047F9AC /* sliceFuse.sks in Resources */ = {isa = PBXBuildFile; fileRef = 3F80AFBE28AE068E0047F9AC /* sliceFuse.sks */; };
		3F80AFCA28AE068E0047F9AC /* wrong.caf in Resources */ = {isa = PBXBuildFile; fileRef = 3F80AFBF28AE068E0047F9AC /* wrong.caf */; };
		3F80AFCB28AE068E0047F9AC /* launch.caf in Resources */ = {isa = PBXBuildFile; fileRef = 3F80AFC028AE068E0047F9AC /* launch.caf */; };
		3F80AFCC28AE068E0047F9AC /* sliceHitBomb.sks in Resources */ = {isa = PBXBuildFile; fileRef = 3F80AFC128AE068E0047F9AC /* sliceHitBomb.sks */; };
		3F80AFCD28AE068E0047F9AC /* whack.caf in Resources */ = {isa = PBXBuildFile; fileRef = 3F80AFC228AE068E0047F9AC /* whack.caf */; };
		3F80AFCE28AE068E0047F9AC /* swoosh3.caf in Resources */ = {isa = PBXBuildFile; fileRef = 3F80AFC328AE068E0047F9AC /* swoosh3.caf */; };
		3F80AFCF28AE068E0047F9AC /* sliceHitEnemy.sks in Resources */ = {isa = PBXBuildFile; fileRef = 3F80AFC428AE068E0047F9AC /* sliceHitEnemy.sks */; };
		3F80AFD028AE068E0047F9AC /* swoosh1.caf in Resources */ = {isa = PBXBuildFile; fileRef = 3F80AFC528AE068E0047F9AC /* swoosh1.caf */; };
		3F80AFD128AE068E0047F9AC /* sliceBombFuse.caf in Resources */ = {isa = PBXBuildFile; fileRef = 3F80AFC628AE068E0047F9AC /* sliceBombFuse.caf */; };
/* End PBXBuildFile section */

/* Begin PBXFileReference section */
		3F2FC1D028B255DC0039F676 /* gameOverRecord.m4a */ = {isa = PBXFileReference; lastKnownFileType = file; path = gameOverRecord.m4a; sourceTree = "<group>"; };
		3F80AFA228AE05DD0047F9AC /* Project23.app */ = {isa = PBXFileReference; explicitFileType = wrapper.application; includeInIndex = 0; path = Project23.app; sourceTree = BUILT_PRODUCTS_DIR; };
		3F80AFA528AE05DD0047F9AC /* AppDelegate.swift */ = {isa = PBXFileReference; lastKnownFileType = sourcecode.swift; path = AppDelegate.swift; sourceTree = "<group>"; };
		3F80AFA728AE05DD0047F9AC /* GameScene.sks */ = {isa = PBXFileReference; lastKnownFileType = file.sks; path = GameScene.sks; sourceTree = "<group>"; };
		3F80AFAB28AE05DD0047F9AC /* GameScene.swift */ = {isa = PBXFileReference; lastKnownFileType = sourcecode.swift; path = GameScene.swift; sourceTree = "<group>"; };
		3F80AFAD28AE05DD0047F9AC /* GameViewController.swift */ = {isa = PBXFileReference; lastKnownFileType = sourcecode.swift; path = GameViewController.swift; sourceTree = "<group>"; };
		3F80AFB028AE05DD0047F9AC /* Base */ = {isa = PBXFileReference; lastKnownFileType = file.storyboard; name = Base; path = Base.lproj/Main.storyboard; sourceTree = "<group>"; };
		3F80AFB228AE05DF0047F9AC /* Assets.xcassets */ = {isa = PBXFileReference; lastKnownFileType = folder.assetcatalog; path = Assets.xcassets; sourceTree = "<group>"; };
		3F80AFB528AE05DF0047F9AC /* Base */ = {isa = PBXFileReference; lastKnownFileType = file.storyboard; name = Base; path = Base.lproj/LaunchScreen.storyboard; sourceTree = "<group>"; };
		3F80AFBC28AE068E0047F9AC /* swoosh2.caf */ = {isa = PBXFileReference; lastKnownFileType = file; path = swoosh2.caf; sourceTree = "<group>"; };
		3F80AFBD28AE068E0047F9AC /* explosion.caf */ = {isa = PBXFileReference; lastKnownFileType = file; path = explosion.caf; sourceTree = "<group>"; };
		3F80AFBE28AE068E0047F9AC /* sliceFuse.sks */ = {isa = PBXFileReference; lastKnownFileType = file.sks; path = sliceFuse.sks; sourceTree = "<group>"; };
		3F80AFBF28AE068E0047F9AC /* wrong.caf */ = {isa = PBXFileReference; lastKnownFileType = file; path = wrong.caf; sourceTree = "<group>"; };
		3F80AFC028AE068E0047F9AC /* launch.caf */ = {isa = PBXFileReference; lastKnownFileType = file; path = launch.caf; sourceTree = "<group>"; };
		3F80AFC128AE068E0047F9AC /* sliceHitBomb.sks */ = {isa = PBXFileReference; lastKnownFileType = file.sks; path = sliceHitBomb.sks; sourceTree = "<group>"; };
		3F80AFC228AE068E0047F9AC /* whack.caf */ = {isa = PBXFileReference; lastKnownFileType = file; path = whack.caf; sourceTree = "<group>"; };
		3F80AFC328AE068E0047F9AC /* swoosh3.caf */ = {isa = PBXFileReference; lastKnownFileType = file; path = swoosh3.caf; sourceTree = "<group>"; };
		3F80AFC428AE068E0047F9AC /* sliceHitEnemy.sks */ = {isa = PBXFileReference; lastKnownFileType = file.sks; path = sliceHitEnemy.sks; sourceTree = "<group>"; };
		3F80AFC528AE068E0047F9AC /* swoosh1.caf */ = {isa = PBXFileReference; lastKnownFileType = file; path = swoosh1.caf; sourceTree = "<group>"; };
		3F80AFC628AE068E0047F9AC /* sliceBombFuse.caf */ = {isa = PBXFileReference; lastKnownFileType = file; path = sliceBombFuse.caf; sourceTree = "<group>"; };
/* End PBXFileReference section */

/* Begin PBXFrameworksBuildPhase section */
		3F80AF9F28AE05DD0047F9AC /* Frameworks */ = {
			isa = PBXFrameworksBuildPhase;
			buildActionMask = 2147483647;
			files = (
			);
			runOnlyForDeploymentPostprocessing = 0;
		};
/* End PBXFrameworksBuildPhase section */

/* Begin PBXGroup section */
		3F80AF9928AE05DC0047F9AC = {
			isa = PBXGroup;
			children = (
				3F80AFA428AE05DD0047F9AC /* Project23 */,
				3F80AFA328AE05DD0047F9AC /* Products */,
			);
			sourceTree = "<group>";
		};
		3F80AFA328AE05DD0047F9AC /* Products */ = {
			isa = PBXGroup;
			children = (
				3F80AFA228AE05DD0047F9AC /* Project23.app */,
			);
			name = Products;
			sourceTree = "<group>";
		};
		3F80AFA428AE05DD0047F9AC /* Project23 */ = {
			isa = PBXGroup;
			children = (
				3F80AFA528AE05DD0047F9AC /* AppDelegate.swift */,
				3F80AFA728AE05DD0047F9AC /* GameScene.sks */,
				3F80AFAB28AE05DD0047F9AC /* GameScene.swift */,
				3F80AFAD28AE05DD0047F9AC /* GameViewController.swift */,
				3F80AFAF28AE05DD0047F9AC /* Main.storyboard */,
				3F80AFB228AE05DF0047F9AC /* Assets.xcassets */,
				3F80AFB428AE05DF0047F9AC /* LaunchScreen.storyboard */,
				3F80AFBD28AE068E0047F9AC /* explosion.caf */,
				3F80AFC028AE068E0047F9AC /* launch.caf */,
				3F80AFC628AE068E0047F9AC /* sliceBombFuse.caf */,
				3F80AFBE28AE068E0047F9AC /* sliceFuse.sks */,
				3F80AFC128AE068E0047F9AC /* sliceHitBomb.sks */,
				3F80AFC428AE068E0047F9AC /* sliceHitEnemy.sks */,
				3F80AFC528AE068E0047F9AC /* swoosh1.caf */,
				3F80AFBC28AE068E0047F9AC /* swoosh2.caf */,
				3F80AFC328AE068E0047F9AC /* swoosh3.caf */,
				3F80AFC228AE068E0047F9AC /* whack.caf */,
				3F80AFBF28AE068E0047F9AC /* wrong.caf */,
				3F2FC1D028B255DC0039F676 /* gameOverRecord.m4a */,
			);
			path = Project23;
			sourceTree = "<group>";
		};
/* End PBXGroup section */

/* Begin PBXNativeTarget section */
		3F80AFA128AE05DD0047F9AC /* Project23 */ = {
			isa = PBXNativeTarget;
			buildConfigurationList = 3F80AFB928AE05DF0047F9AC /* Build configuration list for PBXNativeTarget "Project23" */;
			buildPhases = (
				3F80AF9E28AE05DD0047F9AC /* Sources */,
				3F80AF9F28AE05DD0047F9AC /* Frameworks */,
				3F80AFA028AE05DD0047F9AC /* Resources */,
			);
			buildRules = (
			);
			dependencies = (
			);
			name = Project23;
			productName = Project23;
			productReference = 3F80AFA228AE05DD0047F9AC /* Project23.app */;
			productType = "com.apple.product-type.application";
		};
/* End PBXNativeTarget section */

/* Begin PBXProject section */
		3F80AF9A28AE05DC0047F9AC /* Project object */ = {
			isa = PBXProject;
			attributes = {
				BuildIndependentTargetsInParallel = 1;
				LastSwiftUpdateCheck = 1340;
				LastUpgradeCheck = 1340;
				TargetAttributes = {
					3F80AFA128AE05DD0047F9AC = {
						CreatedOnToolsVersion = 13.4.1;
					};
				};
			};
			buildConfigurationList = 3F80AF9D28AE05DC0047F9AC /* Build configuration list for PBXProject "Project23" */;
			compatibilityVersion = "Xcode 13.0";
			developmentRegion = en;
			hasScannedForEncodings = 0;
			knownRegions = (
				en,
				Base,
			);
			mainGroup = 3F80AF9928AE05DC0047F9AC;
			productRefGroup = 3F80AFA328AE05DD0047F9AC /* Products */;
			projectDirPath = "";
			projectRoot = "";
			targets = (
				3F80AFA128AE05DD0047F9AC /* Project23 */,
			);
		};
/* End PBXProject section */

/* Begin PBXResourcesBuildPhase section */
		3F80AFA028AE05DD0047F9AC /* Resources */ = {
			isa = PBXResourcesBuildPhase;
			buildActionMask = 2147483647;
			files = (
				3F80AFD128AE068E0047F9AC /* sliceBombFuse.caf in Resources */,
				3F80AFC828AE068E0047F9AC /* explosion.caf in Resources */,
				3F80AFC728AE068E0047F9AC /* swoosh2.caf in Resources */,
				3F80AFB128AE05DD0047F9AC /* Main.storyboard in Resources */,
				3F80AFA828AE05DD0047F9AC /* GameScene.sks in Resources */,
				3F80AFCC28AE068E0047F9AC /* sliceHitBomb.sks in Resources */,
				3F80AFCE28AE068E0047F9AC /* swoosh3.caf in Resources */,
				3F80AFB328AE05DF0047F9AC /* Assets.xcassets in Resources */,
				3F80AFD028AE068E0047F9AC /* swoosh1.caf in Resources */,
				3F80AFC928AE068E0047F9AC /* sliceFuse.sks in Resources */,
				3F80AFCF28AE068E0047F9AC /* sliceHitEnemy.sks in Resources */,
				3F80AFCA28AE068E0047F9AC /* wrong.caf in Resources */,
				3F80AFCD28AE068E0047F9AC /* whack.caf in Resources */,
				3F80AFCB28AE068E0047F9AC /* launch.caf in Resources */,
				3F80AFB628AE05DF0047F9AC /* LaunchScreen.storyboard in Resources */,
			);
			runOnlyForDeploymentPostprocessing = 0;
		};
/* End PBXResourcesBuildPhase section */

/* Begin PBXSourcesBuildPhase section */
		3F80AF9E28AE05DD0047F9AC /* Sources */ = {
			isa = PBXSourcesBuildPhase;
			buildActionMask = 2147483647;
			files = (
				3F80AFAC28AE05DD0047F9AC /* GameScene.swift in Sources */,
				3F80AFAE28AE05DD0047F9AC /* GameViewController.swift in Sources */,
				3F80AFA628AE05DD0047F9AC /* AppDelegate.swift in Sources */,
			);
			runOnlyForDeploymentPostprocessing = 0;
		};
/* End PBXSourcesBuildPhase section */

/* Begin PBXVariantGroup section */
		3F80AFAF28AE05DD0047F9AC /* Main.storyboard */ = {
			isa = PBXVariantGroup;
			children = (
				3F80AFB028AE05DD0047F9AC /* Base */,
			);
			name = Main.storyboard;
			sourceTree = "<group>";
		};
		3F80AFB428AE05DF0047F9AC /* LaunchScreen.storyboard */ = {
			isa = PBXVariantGroup;
			children = (
				3F80AFB528AE05DF0047F9AC /* Base */,
			);
			name = LaunchScreen.storyboard;
			sourceTree = "<group>";
		};
/* End PBXVariantGroup section */

/* Begin XCBuildConfiguration section */
		3F80AFB728AE05DF0047F9AC /* Debug */ = {
			isa = XCBuildConfiguration;
			buildSettings = {
				ALWAYS_SEARCH_USER_PATHS = NO;
				CLANG_ANALYZER_NONNULL = YES;
				CLANG_ANALYZER_NUMBER_OBJECT_CONVERSION = YES_AGGRESSIVE;
				CLANG_CXX_LANGUAGE_STANDARD = "gnu++17";
				CLANG_ENABLE_MODULES = YES;
				CLANG_ENABLE_OBJC_ARC = YES;
				CLANG_ENABLE_OBJC_WEAK = YES;
				CLANG_WARN_BLOCK_CAPTURE_AUTORELEASING = YES;
				CLANG_WARN_BOOL_CONVERSION = YES;
				CLANG_WARN_COMMA = YES;
				CLANG_WARN_CONSTANT_CONVERSION = YES;
				CLANG_WARN_DEPRECATED_OBJC_IMPLEMENTATIONS = YES;
				CLANG_WARN_DIRECT_OBJC_ISA_USAGE = YES_ERROR;
				CLANG_WARN_DOCUMENTATION_COMMENTS = YES;
				CLANG_WARN_EMPTY_BODY = YES;
				CLANG_WARN_ENUM_CONVERSION = YES;
				CLANG_WARN_INFINITE_RECURSION = YES;
				CLANG_WARN_INT_CONVERSION = YES;
				CLANG_WARN_NON_LITERAL_NULL_CONVERSION = YES;
				CLANG_WARN_OBJC_IMPLICIT_RETAIN_SELF = YES;
				CLANG_WARN_OBJC_LITERAL_CONVERSION = YES;
				CLANG_WARN_OBJC_ROOT_CLASS = YES_ERROR;
				CLANG_WARN_QUOTED_INCLUDE_IN_FRAMEWORK_HEADER = YES;
				CLANG_WARN_RANGE_LOOP_ANALYSIS = YES;
				CLANG_WARN_STRICT_PROTOTYPES = YES;
				CLANG_WARN_SUSPICIOUS_MOVE = YES;
				CLANG_WARN_UNGUARDED_AVAILABILITY = YES_AGGRESSIVE;
				CLANG_WARN_UNREACHABLE_CODE = YES;
				CLANG_WARN__DUPLICATE_METHOD_MATCH = YES;
				COPY_PHASE_STRIP = NO;
				DEBUG_INFORMATION_FORMAT = dwarf;
				ENABLE_STRICT_OBJC_MSGSEND = YES;
				ENABLE_TESTABILITY = YES;
				GCC_C_LANGUAGE_STANDARD = gnu11;
				GCC_DYNAMIC_NO_PIC = NO;
				GCC_NO_COMMON_BLOCKS = YES;
				GCC_OPTIMIZATION_LEVEL = 0;
				GCC_PREPROCESSOR_DEFINITIONS = (
					"DEBUG=1",
					"$(inherited)",
				);
				GCC_WARN_64_TO_32_BIT_CONVERSION = YES;
				GCC_WARN_ABOUT_RETURN_TYPE = YES_ERROR;
				GCC_WARN_UNDECLARED_SELECTOR = YES;
				GCC_WARN_UNINITIALIZED_AUTOS = YES_AGGRESSIVE;
				GCC_WARN_UNUSED_FUNCTION = YES;
				GCC_WARN_UNUSED_VARIABLE = YES;
				IPHONEOS_DEPLOYMENT_TARGET = 15.5;
				MTL_ENABLE_DEBUG_INFO = INCLUDE_SOURCE;
				MTL_FAST_MATH = YES;
				ONLY_ACTIVE_ARCH = YES;
				SDKROOT = iphoneos;
				SWIFT_ACTIVE_COMPILATION_CONDITIONS = DEBUG;
				SWIFT_OPTIMIZATION_LEVEL = "-Onone";
			};
			name = Debug;
		};
		3F80AFB828AE05DF0047F9AC /* Release */ = {
			isa = XCBuildConfiguration;
			buildSettings = {
				ALWAYS_SEARCH_USER_PATHS = NO;
				CLANG_ANALYZER_NONNULL = YES;
				CLANG_ANALYZER_NUMBER_OBJECT_CONVERSION = YES_AGGRESSIVE;
				CLANG_CXX_LANGUAGE_STANDARD = "gnu++17";
				CLANG_ENABLE_MODULES = YES;
				CLANG_ENABLE_OBJC_ARC = YES;
				CLANG_ENABLE_OBJC_WEAK = YES;
				CLANG_WARN_BLOCK_CAPTURE_AUTORELEASING = YES;
				CLANG_WARN_BOOL_CONVERSION = YES;
				CLANG_WARN_COMMA = YES;
				CLANG_WARN_CONSTANT_CONVERSION = YES;
				CLANG_WARN_DEPRECATED_OBJC_IMPLEMENTATIONS = YES;
				CLANG_WARN_DIRECT_OBJC_ISA_USAGE = YES_ERROR;
				CLANG_WARN_DOCUMENTATION_COMMENTS = YES;
				CLANG_WARN_EMPTY_BODY = YES;
				CLANG_WARN_ENUM_CONVERSION = YES;
				CLANG_WARN_INFINITE_RECURSION = YES;
				CLANG_WARN_INT_CONVERSION = YES;
				CLANG_WARN_NON_LITERAL_NULL_CONVERSION = YES;
				CLANG_WARN_OBJC_IMPLICIT_RETAIN_SELF = YES;
				CLANG_WARN_OBJC_LITERAL_CONVERSION = YES;
				CLANG_WARN_OBJC_ROOT_CLASS = YES_ERROR;
				CLANG_WARN_QUOTED_INCLUDE_IN_FRAMEWORK_HEADER = YES;
				CLANG_WARN_RANGE_LOOP_ANALYSIS = YES;
				CLANG_WARN_STRICT_PROTOTYPES = YES;
				CLANG_WARN_SUSPICIOUS_MOVE = YES;
				CLANG_WARN_UNGUARDED_AVAILABILITY = YES_AGGRESSIVE;
				CLANG_WARN_UNREACHABLE_CODE = YES;
				CLANG_WARN__DUPLICATE_METHOD_MATCH = YES;
				COPY_PHASE_STRIP = NO;
				DEBUG_INFORMATION_FORMAT = "dwarf-with-dsym";
				ENABLE_NS_ASSERTIONS = NO;
				ENABLE_STRICT_OBJC_MSGSEND = YES;
				GCC_C_LANGUAGE_STANDARD = gnu11;
				GCC_NO_COMMON_BLOCKS = YES;
				GCC_WARN_64_TO_32_BIT_CONVERSION = YES;
				GCC_WARN_ABOUT_RETURN_TYPE = YES_ERROR;
				GCC_WARN_UNDECLARED_SELECTOR = YES;
				GCC_WARN_UNINITIALIZED_AUTOS = YES_AGGRESSIVE;
				GCC_WARN_UNUSED_FUNCTION = YES;
				GCC_WARN_UNUSED_VARIABLE = YES;
				IPHONEOS_DEPLOYMENT_TARGET = 15.5;
				MTL_ENABLE_DEBUG_INFO = NO;
				MTL_FAST_MATH = YES;
				SDKROOT = iphoneos;
				SWIFT_COMPILATION_MODE = wholemodule;
				SWIFT_OPTIMIZATION_LEVEL = "-O";
				VALIDATE_PRODUCT = YES;
			};
			name = Release;
		};
		3F80AFBA28AE05DF0047F9AC /* Debug */ = {
			isa = XCBuildConfiguration;
			buildSettings = {
				ASSETCATALOG_COMPILER_APPICON_NAME = AppIcon;
				ASSETCATALOG_COMPILER_GLOBAL_ACCENT_COLOR_NAME = AccentColor;
				CODE_SIGN_STYLE = Automatic;
				CURRENT_PROJECT_VERSION = 1;
				DEVELOPMENT_TEAM = KKZSL8VDGH;
				GENERATE_INFOPLIST_FILE = YES;
				INFOPLIST_KEY_UIApplicationSupportsIndirectInputEvents = YES;
				INFOPLIST_KEY_UILaunchStoryboardName = LaunchScreen;
				INFOPLIST_KEY_UIMainStoryboardFile = Main;
				INFOPLIST_KEY_UIStatusBarHidden = YES;
				INFOPLIST_KEY_UISupportedInterfaceOrientations_iPad = "UIInterfaceOrientationLandscapeLeft UIInterfaceOrientationLandscapeRight";
				INFOPLIST_KEY_UISupportedInterfaceOrientations_iPhone = "UIInterfaceOrientationPortrait UIInterfaceOrientationLandscapeLeft UIInterfaceOrientationLandscapeRight";
				LD_RUNPATH_SEARCH_PATHS = (
					"$(inherited)",
					"@executable_path/Frameworks",
				);
				MARKETING_VERSION = 1.0;
				PRODUCT_BUNDLE_IDENTIFIER = Apple.Project23;
				PRODUCT_NAME = "$(TARGET_NAME)";
				SWIFT_EMIT_LOC_STRINGS = YES;
				SWIFT_VERSION = 5.0;
				TARGETED_DEVICE_FAMILY = 2;
			};
			name = Debug;
		};
		3F80AFBB28AE05DF0047F9AC /* Release */ = {
			isa = XCBuildConfiguration;
			buildSettings = {
				ASSETCATALOG_COMPILER_APPICON_NAME = AppIcon;
				ASSETCATALOG_COMPILER_GLOBAL_ACCENT_COLOR_NAME = AccentColor;
				CODE_SIGN_STYLE = Automatic;
				CURRENT_PROJECT_VERSION = 1;
				DEVELOPMENT_TEAM = KKZSL8VDGH;
				GENERATE_INFOPLIST_FILE = YES;
				INFOPLIST_KEY_UIApplicationSupportsIndirectInputEvents = YES;
				INFOPLIST_KEY_UILaunchStoryboardName = LaunchScreen;
				INFOPLIST_KEY_UIMainStoryboardFile = Main;
				INFOPLIST_KEY_UIStatusBarHidden = YES;
				INFOPLIST_KEY_UISupportedInterfaceOrientations_iPad = "UIInterfaceOrientationLandscapeLeft UIInterfaceOrientationLandscapeRight";
				INFOPLIST_KEY_UISupportedInterfaceOrientations_iPhone = "UIInterfaceOrientationPortrait UIInterfaceOrientationLandscapeLeft UIInterfaceOrientationLandscapeRight";
				LD_RUNPATH_SEARCH_PATHS = (
					"$(inherited)",
					"@executable_path/Frameworks",
				);
				MARKETING_VERSION = 1.0;
				PRODUCT_BUNDLE_IDENTIFIER = Apple.Project23;
				PRODUCT_NAME = "$(TARGET_NAME)";
				SWIFT_EMIT_LOC_STRINGS = YES;
				SWIFT_VERSION = 5.0;
				TARGETED_DEVICE_FAMILY = 2;
			};
			name = Release;
		};
/* End XCBuildConfiguration section */

/* Begin XCConfigurationList section */
		3F80AF9D28AE05DC0047F9AC /* Build configuration list for PBXProject "Project23" */ = {
			isa = XCConfigurationList;
			buildConfigurations = (
				3F80AFB728AE05DF0047F9AC /* Debug */,
				3F80AFB828AE05DF0047F9AC /* Release */,
			);
			defaultConfigurationIsVisible = 0;
			defaultConfigurationName = Release;
		};
		3F80AFB928AE05DF0047F9AC /* Build configuration list for PBXNativeTarget "Project23" */ = {
			isa = XCConfigurationList;
			buildConfigurations = (
				3F80AFBA28AE05DF0047F9AC /* Debug */,
				3F80AFBB28AE05DF0047F9AC /* Release */,
			);
			defaultConfigurationIsVisible = 0;
			defaultConfigurationName = Release;
		};
/* End XCConfigurationList section */
	};
	rootObject = 3F80AF9A28AE05DC0047F9AC /* Project object */;
}
